
Microsoft Visual Studio Solution File, Format Version 12.00
# Visual Studio Version 17
VisualStudioVersion = 17.5.33424.131
MinimumVisualStudioVersion = 10.0.40219.1
Project("{FAE04EC0-301F-11D3-BF4B-00C04F79EFBC}") = "ExpenseTrakingApp.UWP", "ExpenseTrakingApp\ExpenseTrakingApp.UWP\ExpenseTrakingApp.UWP.csproj", "{EC1A21BE-DB5A-4163-89DA-128B8095286D}"
EndProject
Project("{FAE04EC0-301F-11D3-BF4B-00C04F79EFBC}") = "ExpenseTrakingApp.Android", "ExpenseTrakingApp\ExpenseTrakingApp.Android\ExpenseTrakingApp.Android.csproj", "{96B1435E-442F-4AB9-B72C-7D80BC069602}"
EndProject
Project("{FAE04EC0-301F-11D3-BF4B-00C04F79EFBC}") = "ExpenseTrakingApp.iOS", "ExpenseTrakingApp\ExpenseTrakingApp.iOS\ExpenseTrakingApp.iOS.csproj", "{6EDAB013-E974-40BB-A449-2AA33093209A}"
EndProject
Project("{FAE04EC0-301F-11D3-BF4B-00C04F79EFBC}") = "ExpenseTrakingApp", "ExpenseTrakingApp\ExpenseTrakingApp\ExpenseTrakingApp.csproj", "{4355DB4A-28CD-48D7-87AA-837C9327E43F}"
EndProject
Global
	GlobalSection(SolutionConfigurationPlatforms) = preSolution
		Debug|Any CPU = Debug|Any CPU
		Debug|ARM = Debug|ARM
		Debug|iPhone = Debug|iPhone
		Debug|iPhoneSimulator = Debug|iPhoneSimulator
		Debug|x64 = Debug|x64
		Debug|x86 = Debug|x86
		Release|Any CPU = Release|Any CPU
		Release|ARM = Release|ARM
		Release|iPhone = Release|iPhone
		Release|iPhoneSimulator = Release|iPhoneSimulator
		Release|x64 = Release|x64
		Release|x86 = Release|x86
	EndGlobalSection
	GlobalSection(ProjectConfigurationPlatforms) = postSolution
		{EC1A21BE-DB5A-4163-89DA-128B8095286D}.Debug|Any CPU.ActiveCfg = Debug|x64
		{EC1A21BE-DB5A-4163-89DA-128B8095286D}.Debug|Any CPU.Build.0 = Debug|x64
		{EC1A21BE-DB5A-4163-89DA-128B8095286D}.Debug|Any CPU.Deploy.0 = Debug|x64
		{EC1A21BE-DB5A-4163-89DA-128B8095286D}.Debug|ARM.ActiveCfg = Debug|ARM
		{EC1A21BE-DB5A-4163-89DA-128B8095286D}.Debug|ARM.Build.0 = Debug|ARM
		{EC1A21BE-DB5A-4163-89DA-128B8095286D}.Debug|ARM.Deploy.0 = Debug|ARM
		{EC1A21BE-DB5A-4163-89DA-128B8095286D}.Debug|iPhone.ActiveCfg = Debug|x64
		{EC1A21BE-DB5A-4163-89DA-128B8095286D}.Debug|iPhone.Build.0 = Debug|x64
		{EC1A21BE-DB5A-4163-89DA-128B8095286D}.Debug|iPhone.Deploy.0 = Debug|x64
		{EC1A21BE-DB5A-4163-89DA-128B8095286D}.Debug|iPhoneSimulator.ActiveCfg = Debug|x64
		{EC1A21BE-DB5A-4163-89DA-128B8095286D}.Debug|iPhoneSimulator.Build.0 = Debug|x64
		{EC1A21BE-DB5A-4163-89DA-128B8095286D}.Debug|iPhoneSimulator.Deploy.0 = Debug|x64
		{EC1A21BE-DB5A-4163-89DA-128B8095286D}.Debug|x64.ActiveCfg = Debug|x64
		{EC1A21BE-DB5A-4163-89DA-128B8095286D}.Debug|x64.Build.0 = Debug|x64
		{EC1A21BE-DB5A-4163-89DA-128B8095286D}.Debug|x64.Deploy.0 = Debug|x64
		{EC1A21BE-DB5A-4163-89DA-128B8095286D}.Debug|x86.ActiveCfg = Debug|x86
		{EC1A21BE-DB5A-4163-89DA-128B8095286D}.Debug|x86.Build.0 = Debug|x86
		{EC1A21BE-DB5A-4163-89DA-128B8095286D}.Debug|x86.Deploy.0 = Debug|x86
		{EC1A21BE-DB5A-4163-89DA-128B8095286D}.Release|Any CPU.ActiveCfg = Release|x64
		{EC1A21BE-DB5A-4163-89DA-128B8095286D}.Release|Any CPU.Build.0 = Release|x64
		{EC1A21BE-DB5A-4163-89DA-128B8095286D}.Release|Any CPU.Deploy.0 = Release|x64
		{EC1A21BE-DB5A-4163-89DA-128B8095286D}.Release|ARM.ActiveCfg = Release|ARM
		{EC1A21BE-DB5A-4163-89DA-128B8095286D}.Release|ARM.Build.0 = Release|ARM
		{EC1A21BE-DB5A-4163-89DA-128B8095286D}.Release|ARM.Deploy.0 = Release|ARM
		{EC1A21BE-DB5A-4163-89DA-128B8095286D}.Release|iPhone.ActiveCfg = Release|x64
		{EC1A21BE-DB5A-4163-89DA-128B8095286D}.Release|iPhone.Build.0 = Release|x64
		{EC1A21BE-DB5A-4163-89DA-128B8095286D}.Release|iPhone.Deploy.0 = Release|x64
		{EC1A21BE-DB5A-4163-89DA-128B8095286D}.Release|iPhoneSimulator.ActiveCfg = Release|x64
		{EC1A21BE-DB5A-4163-89DA-128B8095286D}.Release|iPhoneSimulator.Build.0 = Release|x64
		{EC1A21BE-DB5A-4163-89DA-128B8095286D}.Release|iPhoneSimulator.Deploy.0 = Release|x64
		{EC1A21BE-DB5A-4163-89DA-128B8095286D}.Release|x64.ActiveCfg = Release|x64
		{EC1A21BE-DB5A-4163-89DA-128B8095286D}.Release|x64.Build.0 = Release|x64
		{EC1A21BE-DB5A-4163-89DA-128B8095286D}.Release|x64.Deploy.0 = Release|x64
		{EC1A21BE-DB5A-4163-89DA-128B8095286D}.Release|x86.ActiveCfg = Release|x86
		{EC1A21BE-DB5A-4163-89DA-128B8095286D}.Release|x86.Build.0 = Release|x86
		{EC1A21BE-DB5A-4163-89DA-128B8095286D}.Release|x86.Deploy.0 = Release|x86
		{96B1435E-442F-4AB9-B72C-7D80BC069602}.Debug|Any CPU.ActiveCfg = Debug|Any CPU
		{96B1435E-442F-4AB9-B72C-7D80BC069602}.Debug|Any CPU.Build.0 = Debug|Any CPU
		{96B1435E-442F-4AB9-B72C-7D80BC069602}.Debug|Any CPU.Deploy.0 = Debug|Any CPU
		{96B1435E-442F-4AB9-B72C-7D80BC069602}.Debug|ARM.ActiveCfg = Debug|Any CPU
		{96B1435E-442F-4AB9-B72C-7D80BC069602}.Debug|ARM.Build.0 = Debug|Any CPU
		{96B1435E-442F-4AB9-B72C-7D80BC069602}.Debug|ARM.Deploy.0 = Debug|Any CPU
		{96B1435E-442F-4AB9-B72C-7D80BC069602}.Debug|iPhone.ActiveCfg = Debug|Any CPU
		{96B1435E-442F-4AB9-B72C-7D80BC069602}.Debug|iPhone.Build.0 = Debug|Any CPU
		{96B1435E-442F-4AB9-B72C-7D80BC069602}.Debug|iPhone.Deploy.0 = Debug|Any CPU
		{96B1435E-442F-4AB9-B72C-7D80BC069602}.Debug|iPhoneSimulator.ActiveCfg = Debug|Any CPU
		{96B1435E-442F-4AB9-B72C-7D80BC069602}.Debug|iPhoneSimulator.Build.0 = Debug|Any CPU
		{96B1435E-442F-4AB9-B72C-7D80BC069602}.Debug|iPhoneSimulator.Deploy.0 = Debug|Any CPU
		{96B1435E-442F-4AB9-B72C-7D80BC069602}.Debug|x64.ActiveCfg = Debug|Any CPU
		{96B1435E-442F-4AB9-B72C-7D80BC069602}.Debug|x64.Build.0 = Debug|Any CPU
		{96B1435E-442F-4AB9-B72C-7D80BC069602}.Debug|x64.Deploy.0 = Debug|Any CPU
		{96B1435E-442F-4AB9-B72C-7D80BC069602}.Debug|x86.ActiveCfg = Debug|Any CPU
		{96B1435E-442F-4AB9-B72C-7D80BC069602}.Debug|x86.Build.0 = Debug|Any CPU
		{96B1435E-442F-4AB9-B72C-7D80BC069602}.Debug|x86.Deploy.0 = Debug|Any CPU
		{96B1435E-442F-4AB9-B72C-7D80BC069602}.Release|Any CPU.ActiveCfg = Release|Any CPU
		{96B1435E-442F-4AB9-B72C-7D80BC069602}.Release|Any CPU.Build.0 = Release|Any CPU
		{96B1435E-442F-4AB9-B72C-7D80BC069602}.Release|Any CPU.Deploy.0 = Release|Any CPU
		{96B1435E-442F-4AB9-B72C-7D80BC069602}.Release|ARM.ActiveCfg = Release|Any CPU
		{96B1435E-442F-4AB9-B72C-7D80BC069602}.Release|ARM.Build.0 = Release|Any CPU
		{96B1435E-442F-4AB9-B72C-7D80BC069602}.Release|ARM.Deploy.0 = Release|Any CPU
		{96B1435E-442F-4AB9-B72C-7D80BC069602}.Release|iPhone.ActiveCfg = Release|Any CPU
		{96B1435E-442F-4AB9-B72C-7D80BC069602}.Release|iPhone.Build.0 = Release|Any CPU
		{96B1435E-442F-4AB9-B72C-7D80BC069602}.Release|iPhone.Deploy.0 = Release|Any CPU
		{96B1435E-442F-4AB9-B72C-7D80BC069602}.Release|iPhoneSimulator.ActiveCfg = Release|Any CPU
		{96B1435E-442F-4AB9-B72C-7D80BC069602}.Release|iPhoneSimulator.Build.0 = Release|Any CPU
		{96B1435E-442F-4AB9-B72C-7D80BC069602}.Release|iPhoneSimulator.Deploy.0 = Release|Any CPU
		{96B1435E-442F-4AB9-B72C-7D80BC069602}.Release|x64.ActiveCfg = Release|Any CPU
		{96B1435E-442F-4AB9-B72C-7D80BC069602}.Release|x64.Build.0 = Release|Any CPU
		{96B1435E-442F-4AB9-B72C-7D80BC069602}.Release|x64.Deploy.0 = Release|Any CPU
		{96B1435E-442F-4AB9-B72C-7D80BC069602}.Release|x86.ActiveCfg = Release|Any CPU
		{96B1435E-442F-4AB9-B72C-7D80BC069602}.Release|x86.Build.0 = Release|Any CPU
		{96B1435E-442F-4AB9-B72C-7D80BC069602}.Release|x86.Deploy.0 = Release|Any CPU
		{6EDAB013-E974-40BB-A449-2AA33093209A}.Debug|Any CPU.ActiveCfg = Debug|iPhoneSimulator
		{6EDAB013-E974-40BB-A449-2AA33093209A}.Debug|Any CPU.Build.0 = Debug|iPhoneSimulator
		{6EDAB013-E974-40BB-A449-2AA33093209A}.Debug|Any CPU.Deploy.0 = Debug|iPhoneSimulator
		{6EDAB013-E974-40BB-A449-2AA33093209A}.Debug|ARM.ActiveCfg = Debug|iPhoneSimulator
		{6EDAB013-E974-40BB-A449-2AA33093209A}.Debug|ARM.Build.0 = Debug|iPhoneSimulator
		{6EDAB013-E974-40BB-A449-2AA33093209A}.Debug|ARM.Deploy.0 = Debug|iPhoneSimulator
		{6EDAB013-E974-40BB-A449-2AA33093209A}.Debug|iPhone.ActiveCfg = Debug|iPhone
		{6EDAB013-E974-40BB-A449-2AA33093209A}.Debug|iPhone.Build.0 = Debug|iPhone
		{6EDAB013-E974-40BB-A449-2AA33093209A}.Debug|iPhone.Deploy.0 = Debug|iPhone
		{6EDAB013-E974-40BB-A449-2AA33093209A}.Debug|iPhoneSimulator.ActiveCfg = Debug|iPhoneSimulator
		{6EDAB013-E974-40BB-A449-2AA33093209A}.Debug|iPhoneSimulator.Build.0 = Debug|iPhoneSimulator
		{6EDAB013-E974-40BB-A449-2AA33093209A}.Debug|iPhoneSimulator.Deploy.0 = Debug|iPhoneSimulator
		{6EDAB013-E974-40BB-A449-2AA33093209A}.Debug|x64.ActiveCfg = Debug|iPhone
		{6EDAB013-E974-40BB-A449-2AA33093209A}.Debug|x64.Build.0 = Debug|iPhone
		{6EDAB013-E974-40BB-A449-2AA33093209A}.Debug|x64.Deploy.0 = Debug|iPhone
		{6EDAB013-E974-40BB-A449-2AA33093209A}.Debug|x86.ActiveCfg = Debug|iPhoneSimulator
		{6EDAB013-E974-40BB-A449-2AA33093209A}.Debug|x86.Build.0 = Debug|iPhoneSimulator
		{6EDAB013-E974-40BB-A449-2AA33093209A}.Debug|x86.Deploy.0 = Debug|iPhoneSimulator
		{6EDAB013-E974-40BB-A449-2AA33093209A}.Release|Any CPU.ActiveCfg = Release|iPhoneSimulator
		{6EDAB013-E974-40BB-A449-2AA33093209A}.Release|Any CPU.Build.0 = Release|iPhoneSimulator
		{6EDAB013-E974-40BB-A449-2AA33093209A}.Release|Any CPU.Deploy.0 = Release|iPhoneSimulator
		{6EDAB013-E974-40BB-A449-2AA33093209A}.Release|ARM.ActiveCfg = Release|iPhoneSimulator
		{6EDAB013-E974-40BB-A449-2AA33093209A}.Release|ARM.Build.0 = Release|iPhoneSimulator
		{6EDAB013-E974-40BB-A449-2AA33093209A}.Release|ARM.Deploy.0 = Release|iPhoneSimulator
		{6EDAB013-E974-40BB-A449-2AA33093209A}.Release|iPhone.ActiveCfg = Release|iPhone
		{6EDAB013-E974-40BB-A449-2AA33093209A}.Release|iPhone.Build.0 = Release|iPhone
		{6EDAB013-E974-40BB-A449-2AA33093209A}.Release|iPhone.Deploy.0 = Release|iPhone
		{6EDAB013-E974-40BB-A449-2AA33093209A}.Release|iPhoneSimulator.ActiveCfg = Release|iPhoneSimulator
		{6EDAB013-E974-40BB-A449-2AA33093209A}.Release|iPhoneSimulator.Build.0 = Release|iPhoneSimulator
		{6EDAB013-E974-40BB-A449-2AA33093209A}.Release|iPhoneSimulator.Deploy.0 = Release|iPhoneSimulator
		{6EDAB013-E974-40BB-A449-2AA33093209A}.Release|x64.ActiveCfg = Release|iPhoneSimulator
		{6EDAB013-E974-40BB-A449-2AA33093209A}.Release|x64.Build.0 = Release|iPhoneSimulator
		{6EDAB013-E974-40BB-A449-2AA33093209A}.Release|x64.Deploy.0 = Release|iPhoneSimulator
		{6EDAB013-E974-40BB-A449-2AA33093209A}.Release|x86.ActiveCfg = Release|iPhoneSimulator
		{6EDAB013-E974-40BB-A449-2AA33093209A}.Release|x86.Build.0 = Release|iPhoneSimulator
		{6EDAB013-E974-40BB-A449-2AA33093209A}.Release|x86.Deploy.0 = Release|iPhoneSimulator
		{4355DB4A-28CD-48D7-87AA-837C9327E43F}.Debug|Any CPU.ActiveCfg = Debug|Any CPU
		{4355DB4A-28CD-48D7-87AA-837C9327E43F}.Debug|Any CPU.Build.0 = Debug|Any CPU
		{4355DB4A-28CD-48D7-87AA-837C9327E43F}.Debug|Any CPU.Deploy.0 = Debug|Any CPU
		{4355DB4A-28CD-48D7-87AA-837C9327E43F}.Debug|ARM.ActiveCfg = Debug|Any CPU
		{4355DB4A-28CD-48D7-87AA-837C9327E43F}.Debug|ARM.Build.0 = Debug|Any CPU
		{4355DB4A-28CD-48D7-87AA-837C9327E43F}.Debug|ARM.Deploy.0 = Debug|Any CPU
		{4355DB4A-28CD-48D7-87AA-837C9327E43F}.Debug|iPhone.ActiveCfg = Debug|Any CPU
		{4355DB4A-28CD-48D7-87AA-837C9327E43F}.Debug|iPhone.Build.0 = Debug|Any CPU
		{4355DB4A-28CD-48D7-87AA-837C9327E43F}.Debug|iPhone.Deploy.0 = Debug|Any CPU
		{4355DB4A-28CD-48D7-87AA-837C9327E43F}.Debug|iPhoneSimulator.ActiveCfg = Debug|Any CPU
		{4355DB4A-28CD-48D7-87AA-837C9327E43F}.Debug|iPhoneSimulator.Build.0 = Debug|Any CPU
		{4355DB4A-28CD-48D7-87AA-837C9327E43F}.Debug|iPhoneSimulator.Deploy.0 = Debug|Any CPU
		{4355DB4A-28CD-48D7-87AA-837C9327E43F}.Debug|x64.ActiveCfg = Debug|Any CPU
		{4355DB4A-28CD-48D7-87AA-837C9327E43F}.Debug|x64.Build.0 = Debug|Any CPU
		{4355DB4A-28CD-48D7-87AA-837C9327E43F}.Debug|x64.Deploy.0 = Debug|Any CPU
		{4355DB4A-28CD-48D7-87AA-837C9327E43F}.Debug|x86.ActiveCfg = Debug|Any CPU
		{4355DB4A-28CD-48D7-87AA-837C9327E43F}.Debug|x86.Build.0 = Debug|Any CPU
		{4355DB4A-28CD-48D7-87AA-837C9327E43F}.Debug|x86.Deploy.0 = Debug|Any CPU
		{4355DB4A-28CD-48D7-87AA-837C9327E43F}.Release|Any CPU.ActiveCfg = Release|Any CPU
		{4355DB4A-28CD-48D7-87AA-837C9327E43F}.Release|Any CPU.Build.0 = Release|Any CPU
		{4355DB4A-28CD-48D7-87AA-837C9327E43F}.Release|Any CPU.Deploy.0 = Release|Any CPU
		{4355DB4A-28CD-48D7-87AA-837C9327E43F}.Release|ARM.ActiveCfg = Release|Any CPU
		{4355DB4A-28CD-48D7-87AA-837C9327E43F}.Release|ARM.Build.0 = Release|Any CPU
		{4355DB4A-28CD-48D7-87AA-837C9327E43F}.Release|ARM.Deploy.0 = Release|Any CPU
		{4355DB4A-28CD-48D7-87AA-837C9327E43F}.Release|iPhone.ActiveCfg = Release|Any CPU
		{4355DB4A-28CD-48D7-87AA-837C9327E43F}.Release|iPhone.Build.0 = Release|Any CPU
		{4355DB4A-28CD-48D7-87AA-837C9327E43F}.Release|iPhone.Deploy.0 = Release|Any CPU
		{4355DB4A-28CD-48D7-87AA-837C9327E43F}.Release|iPhoneSimulator.ActiveCfg = Release|Any CPU
		{4355DB4A-28CD-48D7-87AA-837C9327E43F}.Release|iPhoneSimulator.Build.0 = Release|Any CPU
		{4355DB4A-28CD-48D7-87AA-837C9327E43F}.Release|iPhoneSimulator.Deploy.0 = Release|Any CPU
		{4355DB4A-28CD-48D7-87AA-837C9327E43F}.Release|x64.ActiveCfg = Release|Any CPU
		{4355DB4A-28CD-48D7-87AA-837C9327E43F}.Release|x64.Build.0 = Release|Any CPU
		{4355DB4A-28CD-48D7-87AA-837C9327E43F}.Release|x64.Deploy.0 = Release|Any CPU
		{4355DB4A-28CD-48D7-87AA-837C9327E43F}.Release|x86.ActiveCfg = Release|Any CPU
		{4355DB4A-28CD-48D7-87AA-837C9327E43F}.Release|x86.Build.0 = Release|Any CPU
		{4355DB4A-28CD-48D7-87AA-837C9327E43F}.Release|x86.Deploy.0 = Release|Any CPU
	EndGlobalSection
	GlobalSection(SolutionProperties) = preSolution
		HideSolutionNode = FALSE
	EndGlobalSection
	GlobalSection(ExtensibilityGlobals) = postSolution
		SolutionGuid = {4DC2EB57-35A0-4A40-8206-528109AA0104}
	EndGlobalSection
EndGlobal
